{
  "nodes": {
    "attic": {
      "inputs": {
        "crane": "crane",
        "flake-compat": "flake-compat",
        "flake-parts": "flake-parts",
        "nix-github-actions": "nix-github-actions",
        "nixpkgs": [
          "nixpkgs"
        ],
        "nixpkgs-stable": "nixpkgs-stable"
      },
      "locked": {
        "lastModified": 1758711588,
        "narHash": "sha256-0nZlCCDC5PfndsQJXXtcyrtrfW49I3KadGMDlutzaGU=",
        "owner": "zhaofengli",
        "repo": "attic",
        "rev": "12cbeca141f46e1ade76728bce8adc447f2166c6",
        "type": "github"
      },
      "original": {
        "owner": "zhaofengli",
        "repo": "attic",
        "type": "github"
      }
    },
    "crane": {
      "locked": {
        "lastModified": 1751562746,
        "narHash": "sha256-smpugNIkmDeicNz301Ll1bD7nFOty97T79m4GUMUczA=",
        "owner": "ipetkov",
        "repo": "crane",
        "rev": "aed2020fd3dc26e1e857d4107a5a67a33ab6c1fd",
        "type": "github"
      },
      "original": {
        "owner": "ipetkov",
        "repo": "crane",
        "type": "github"
      }
    },
    "disko": {
      "inputs": {
        "nixpkgs": [
          "nixpkgs"
        ]
      },
      "locked": {
        "lastModified": 1777713215,
        "narHash": "sha256-8GzXDOXckDWwST8TY5DbwYFjdvQLlP7K9CLSVx6iTTo=",
        "owner": "nix-community",
        "repo": "disko",
        "rev": "63b4e7e6cf75307c1d26ac3762b886b5b0247267",
        "type": "github"
      },
      "original": {
        "owner": "nix-community",
        "repo": "disko",
        "type": "github"
      }
    },
    "flake-compat": {
      "flake": false,
      "locked": {
        "lastModified": 1747046372,
        "narHash": "sha256-CIVLLkVgvHYbgI2UpXvIIBJ12HWgX+fjA8Xf8PUmqCY=",
        "owner": "edolstra",
        "repo": "flake-compat",
        "rev": "9100a0f413b0c601e0533d1d94ffd501ce2e7885",
        "type": "github"
      },
      "original": {
        "owner": "edolstra",
        "repo": "flake-compat",
        "type": "github"
      }
    },
    "flake-parts": {
      "inputs": {
        "nixpkgs-lib": [
          "attic",
          "nixpkgs"
        ]
      },
      "locked": {
        "lastModified": 1751413152,
        "narHash": "sha256-Tyw1RjYEsp5scoigs1384gIg6e0GoBVjms4aXFfRssQ=",
        "owner": "hercules-ci",
        "repo": "flake-parts",
        "rev": "77826244401ea9de6e3bac47c2db46005e1f30b5",
        "type": "github"
      },
      "original": {
        "owner": "hercules-ci",
        "repo": "flake-parts",
        "type": "github"
      }
    },
    "nix-github-actions": {
      "inputs": {
        "nixpkgs": [
          "attic",
          "nixpkgs"
        ]
      },
      "locked": {
        "lastModified": 1737420293,
        "narHash": "sha256-F1G5ifvqTpJq7fdkT34e/Jy9VCyzd5XfJ9TO8fHhJWE=",
        "owner": "nix-community",
        "repo": "nix-github-actions",
        "rev": "f4158fa080ef4503c8f4c820967d946c2af31ec9",
        "type": "github"
      },
      "original": {
        "owner": "nix-community",
        "repo": "nix-github-actions",
        "type": "github"
      }
    },
    "nixpkgs": {
      "locked": {
        "lastModified": 1778003029,
        "narHash": "sha256-q/nkKLDtHIyLjZpKhWk3cSK5IYsFqtMd6UtXF3ddjgA=",
        "owner": "NixOS",
        "repo": "nixpkgs",
        "rev": "0c88e1f2bdb93d5999019e99cb0e61e1fe2af4c5",
        "type": "github"
      },
      "original": {
        "owner": "NixOS",
        "ref": "nixos-25.11",
        "repo": "nixpkgs",
        "type": "github"
      }
    },
    "nixpkgs-stable": {
      "locked": {
        "lastModified": 1751741127,
        "narHash": "sha256-t75Shs76NgxjZSgvvZZ9qOmz5zuBE8buUaYD28BMTxg=",
        "owner": "NixOS",
        "repo": "nixpkgs",
        "rev": "29e290002bfff26af1db6f64d070698019460302",
        "type": "github"
      },
      "original": {
        "owner": "NixOS",
        "ref": "nixos-25.05",
        "repo": "nixpkgs",
        "type": "github"
      }
    },
    "nixpkgs-unstable": {
      "locked": {
        "lastModified": 1777954456,
        "narHash": "sha256-hGdgeU2Nk87RAuZyYjyDjFL6LK7dAZN5RE9+hrDTkDU=",
        "owner": "NixOS",
        "repo": "nixpkgs",
        "rev": "549bd84d6279f9852cae6225e372cc67fb91a4c1",
        "type": "github"
      },
      "original": {
        "owner": "NixOS",
        "ref": "nixos-unstable",
        "repo": "nixpkgs",
        "type": "github"
      }
    },
    "root": {
      "inputs": {
        "attic": "attic",
        "disko": "disko",
        "nixpkgs": "nixpkgs",
        "nixpkgs-unstable": "nixpkgs-unstable",
        "sops-nix": "sops-nix"
      }
    },
    "sops-nix": {
      "inputs": {
        "nixpkgs": [
          "nixpkgs"
        ]
      },
      "locked": {
        "lastModified": 1777944972,
        "narHash": "sha256-VfGRo1qTBKOe3s2gOv8LSoA6Fk19PvBlwQ1ECN0Evn8=",
        "owner": "Mic92",
        "repo": "sops-nix",
        "rev": "c591bf665727040c6cc5cb409079acb22dcce33c",
        "type": "github"
      },
      "original": {
        "owner": "Mic92",
        "repo": "sops-nix",
        "type": "github"
      }
    }
  },
  "root": "root",
  "version": 7
}
